// !$*UTF8*$!
{
	archiveVersion = 1;
	classes = {
	};
	objectVersion = 50;
	objects = {

/* Begin PBXBuildFile section */
		7F03D83926A7EE640091C960 /* PanelGameApp.swift in Sources */ = {isa = PBXBuildFile; fileRef = 7F03D83826A7EE640091C960 /* PanelGameApp.swift */; };
		7F03D83B26A7EE640091C960 /* HomeView.swift in Sources */ = {isa = PBXBuildFile; fileRef = 7F03D83A26A7EE640091C960 /* HomeView.swift */; };
		7F03D83D26A7EE670091C960 /* Assets.xcassets in Resources */ = {isa = PBXBuildFile; fileRef = 7F03D83C26A7EE670091C960 /* Assets.xcassets */; };
		7F03D84026A7EE670091C960 /* Preview Assets.xcassets in Resources */ = {isa = PBXBuildFile; fileRef = 7F03D83F26A7EE670091C960 /* Preview Assets.xcassets */; };
		CAAE0C4926C9657E00AD93A9 /* HomeViewModel.swift in Sources */ = {isa = PBXBuildFile; fileRef = CAAE0C4826C9657E00AD93A9 /* HomeViewModel.swift */; };
/* End PBXBuildFile section */

/* Begin PBXFileReference section */
		7F03D83526A7EE640091C960 /* PanelGame.app */ = {isa = PBXFileReference; explicitFileType = wrapper.application; includeInIndex = 0; path = PanelGame.app; sourceTree = BUILT_PRODUCTS_DIR; };
		7F03D83826A7EE640091C960 /* PanelGameApp.swift */ = {isa = PBXFileReference; lastKnownFileType = sourcecode.swift; path = PanelGameApp.swift; sourceTree = "<group>"; };
		7F03D83A26A7EE640091C960 /* HomeView.swift */ = {isa = PBXFileReference; lastKnownFileType = sourcecode.swift; path = HomeView.swift; sourceTree = "<group>"; };
		7F03D83C26A7EE670091C960 /* Assets.xcassets */ = {isa = PBXFileReference; lastKnownFileType = folder.assetcatalog; path = Assets.xcassets; sourceTree = "<group>"; };
		7F03D83F26A7EE670091C960 /* Preview Assets.xcassets */ = {isa = PBXFileReference; lastKnownFileType = folder.assetcatalog; path = "Preview Assets.xcassets"; sourceTree = "<group>"; };
		7F03D84126A7EE680091C960 /* Info.plist */ = {isa = PBXFileReference; lastKnownFileType = text.plist.xml; path = Info.plist; sourceTree = "<group>"; };
		CAAE0C4826C9657E00AD93A9 /* HomeViewModel.swift */ = {isa = PBXFileReference; lastKnownFileType = sourcecode.swift; path = HomeViewModel.swift; sourceTree = "<group>"; };
/* End PBXFileReference section */

/* Begin PBXFrameworksBuildPhase section */
		7F03D83226A7EE640091C960 /* Frameworks */ = {
			isa = PBXFrameworksBuildPhase;
			buildActionMask = 2147483647;
			files = (
			);
			runOnlyForDeploymentPostprocessing = 0;
		};
/* End PBXFrameworksBuildPhase section */

/* Begin PBXGroup section */
		7F03D82C26A7EE640091C960 = {
			isa = PBXGroup;
			children = (
				7F03D83726A7EE640091C960 /* PanelGame */,
				7F03D83626A7EE640091C960 /* Products */,
			);
			sourceTree = "<group>";
		};
		7F03D83626A7EE640091C960 /* Products */ = {
			isa = PBXGroup;
			children = (
				7F03D83526A7EE640091C960 /* PanelGame.app */,
			);
			name = Products;
			sourceTree = "<group>";
		};
		7F03D83726A7EE640091C960 /* PanelGame */ = {
			isa = PBXGroup;
			children = (
				CAAE0C4526C963E400AD93A9 /* View */,
				CAAE0C4626C963EE00AD93A9 /* ViewModel */,
				CAAE0C4726C9640000AD93A9 /* Model */,
				7F03D83826A7EE640091C960 /* PanelGameApp.swift */,
				7F03D83C26A7EE670091C960 /* Assets.xcassets */,
				7F03D84126A7EE680091C960 /* Info.plist */,
				7F03D83E26A7EE670091C960 /* Preview Content */,
			);
			path = PanelGame;
			sourceTree = "<group>";
		};
		7F03D83E26A7EE670091C960 /* Preview Content */ = {
			isa = PBXGroup;
			children = (
				7F03D83F26A7EE670091C960 /* Preview Assets.xcassets */,
			);
			path = "Preview Content";
			sourceTree = "<group>";
		};
		CAAE0C4526C963E400AD93A9 /* View */ = {
			isa = PBXGroup;
			children = (
				7F03D83A26A7EE640091C960 /* HomeView.swift */,
			);
			path = View;
			sourceTree = "<group>";
		};
		CAAE0C4626C963EE00AD93A9 /* ViewModel */ = {
			isa = PBXGroup;
			children = (
				CAAE0C4826C9657E00AD93A9 /* HomeViewModel.swift */,
			);
			path = ViewModel;
			sourceTree = "<group>";
		};
		CAAE0C4726C9640000AD93A9 /* Model */ = {
			isa = PBXGroup;
			children = (
			);
			path = Model;
			sourceTree = "<group>";
		};
/* End PBXGroup section */

/* Begin PBXNativeTarget section */
		7F03D83426A7EE640091C960 /* PanelGame */ = {
			isa = PBXNativeTarget;
			buildConfigurationList = 7F03D84426A7EE680091C960 /* Build configuration list for PBXNativeTarget "PanelGame" */;
			buildPhases = (
				7F03D83126A7EE640091C960 /* Sources */,
				7F03D83226A7EE640091C960 /* Frameworks */,
				7F03D83326A7EE640091C960 /* Resources */,
			);
			buildRules = (
			);
			dependencies = (
			);
			name = PanelGame;
			productName = PanelGame;
			productReference = 7F03D83526A7EE640091C960 /* PanelGame.app */;
			productType = "com.apple.product-type.application";
		};
/* End PBXNativeTarget section */

/* Begin PBXProject section */
		7F03D82D26A7EE640091C960 /* Project object */ = {
			isa = PBXProject;
			attributes = {
				LastSwiftUpdateCheck = 1240;
				LastUpgradeCheck = 1240;
				TargetAttributes = {
					7F03D83426A7EE640091C960 = {
						CreatedOnToolsVersion = 12.4;
					};
				};
			};
			buildConfigurationList = 7F03D83026A7EE640091C960 /* Build configuration list for PBXProject "PanelGame" */;
			compatibilityVersion = "Xcode 9.3";
			developmentRegion = en;
			hasScannedForEncodings = 0;
			knownRegions = (
				en,
				Base,
			);
			mainGroup = 7F03D82C26A7EE640091C960;
			productRefGroup = 7F03D83626A7EE640091C960 /* Products */;
			projectDirPath = "";
			projectRoot = "";
			targets = (
				7F03D83426A7EE640091C960 /* PanelGame */,
			);
		};
/* End PBXProject section */

/* Begin PBXResourcesBuildPhase section */
		7F03D83326A7EE640091C960 /* Resources */ = {
			isa = PBXResourcesBuildPhase;
			buildActionMask = 2147483647;
			files = (
				7F03D84026A7EE670091C960 /* Preview Assets.xcassets in Resources */,
				7F03D83D26A7EE670091C960 /* Assets.xcassets in Resources */,
			);
			runOnlyForDeploymentPostprocessing = 0;
		};
/* End PBXResourcesBuildPhase section */

/* Begin PBXSourcesBuildPhase section */
		7F03D83126A7EE640091C960 /* Sources */ = {
			isa = PBXSourcesBuildPhase;
			buildActionMask = 2147483647;
			files = (
				7F03D83B26A7EE640091C960 /* HomeView.swift in Sources */,
				CAAE0C4926C9657E00AD93A9 /* HomeViewModel.swift in Sources */,
				7F03D83926A7EE640091C960 /* PanelGameApp.swift in Sources */,
			);
			runOnlyForDeploymentPostprocessing = 0;
		};
/* End PBXSourcesBuildPhase section */

/* Begin XCBuildConfiguration section */
		7F03D84226A7EE680091C960 /* Debug */ = {
			isa = XCBuildConfiguration;
			buildSettings = {
				ALWAYS_SEARCH_USER_PATHS = NO;
				CLANG_ANALYZER_NONNULL = YES;
				CLANG_ANALYZER_NUMBER_OBJECT_CONVERSION = YES_AGGRESSIVE;
				CLANG_CXX_LANGUAGE_STANDARD = "gnu++14";
				CLANG_CXX_LIBRARY = "libc++";
				CLANG_ENABLE_MODULES = YES;
				CLANG_ENABLE_OBJC_ARC = YES;
				CLANG_ENABLE_OBJC_WEAK = YES;
				CLANG_WARN_BLOCK_CAPTURE_AUTORELEASING = YES;
				CLANG_WARN_BOOL_CONVERSION = YES;
				CLANG_WARN_COMMA = YES;
				CLANG_WARN_CONSTANT_CONVERSION = YES;
				CLANG_WARN_DEPRECATED_OBJC_IMPLEMENTATIONS = YES;
				CLANG_WARN_DIRECT_OBJC_ISA_USAGE = YES_ERROR;
				CLANG_WARN_DOCUMENTATION_COMMENTS = YES;
				CLANG_WARN_EMPTY_BODY = YES;
				CLANG_WARN_ENUM_CONVERSION = YES;
				CLANG_WARN_INFINITE_RECURSION = YES;
				CLANG_WARN_INT_CONVERSION = YES;
				CLANG_WARN_NON_LITERAL_NULL_CONVERSION = YES;
				CLANG_WARN_OBJC_IMPLICIT_RETAIN_SELF = YES;
				CLANG_WARN_OBJC_LITERAL_CONVERSION = YES;
				CLANG_WARN_OBJC_ROOT_CLASS = YES_ERROR;
				CLANG_WARN_QUOTED_INCLUDE_IN_FRAMEWORK_HEADER = YES;
				CLANG_WARN_RANGE_LOOP_ANALYSIS = YES;
				CLANG_WARN_STRICT_PROTOTYPES = YES;
				CLANG_WARN_SUSPICIOUS_MOVE = YES;
				CLANG_WARN_UNGUARDED_AVAILABILITY = YES_AGGRESSIVE;
				CLANG_WARN_UNREACHABLE_CODE = YES;
				CLANG_WARN__DUPLICATE_METHOD_MATCH = YES;
				COPY_PHASE_STRIP = NO;
				DEBUG_INFORMATION_FORMAT = dwarf;
				ENABLE_STRICT_OBJC_MSGSEND = YES;
				ENABLE_TESTABILITY = YES;
				GCC_C_LANGUAGE_STANDARD = gnu11;
				GCC_DYNAMIC_NO_PIC = NO;
				GCC_NO_COMMON_BLOCKS = YES;
				GCC_OPTIMIZATION_LEVEL = 0;
				GCC_PREPROCESSOR_DEFINITIONS = (
					"DEBUG=1",
					"$(inherited)",
				);
				GCC_WARN_64_TO_32_BIT_CONVERSION = YES;
				GCC_WARN_ABOUT_RETURN_TYPE = YES_ERROR;
				GCC_WARN_UNDECLARED_SELECTOR = YES;
				GCC_WARN_UNINITIALIZED_AUTOS = YES_AGGRESSIVE;
				GCC_WARN_UNUSED_FUNCTION = YES;
				GCC_WARN_UNUSED_VARIABLE = YES;
				IPHONEOS_DEPLOYMENT_TARGET = 14.4;
				MTL_ENABLE_DEBUG_INFO = INCLUDE_SOURCE;
				MTL_FAST_MATH = YES;
				ONLY_ACTIVE_ARCH = YES;
				SDKROOT = iphoneos;
				SWIFT_ACTIVE_COMPILATION_CONDITIONS = DEBUG;
				SWIFT_OPTIMIZATION_LEVEL = "-Onone";
			};
			name = Debug;
		};
		7F03D84326A7EE680091C960 /* Release */ = {
			isa = XCBuildConfiguration;
			buildSettings = {
				ALWAYS_SEARCH_USER_PATHS = NO;
				CLANG_ANALYZER_NONNULL = YES;
				CLANG_ANALYZER_NUMBER_OBJECT_CONVERSION = YES_AGGRESSIVE;
				CLANG_CXX_LANGUAGE_STANDARD = "gnu++14";
				CLANG_CXX_LIBRARY = "libc++";
				CLANG_ENABLE_MODULES = YES;
				CLANG_ENABLE_OBJC_ARC = YES;
				CLANG_ENABLE_OBJC_WEAK = YES;
				CLANG_WARN_BLOCK_CAPTURE_AUTORELEASING = YES;
				CLANG_WARN_BOOL_CONVERSION = YES;
				CLANG_WARN_COMMA = YES;
				CLANG_WARN_CONSTANT_CONVERSION = YES;
				CLANG_WARN_DEPRECATED_OBJC_IMPLEMENTATIONS = YES;
				CLANG_WARN_DIRECT_OBJC_ISA_USAGE = YES_ERROR;
				CLANG_WARN_DOCUMENTATION_COMMENTS = YES;
				CLANG_WARN_EMPTY_BODY = YES;
				CLANG_WARN_ENUM_CONVERSION = YES;
				CLANG_WARN_INFINITE_RECURSION = YES;
				CLANG_WARN_INT_CONVERSION = YES;
				CLANG_WARN_NON_LITERAL_NULL_CONVERSION = YES;
				CLANG_WARN_OBJC_IMPLICIT_RETAIN_SELF = YES;
				CLANG_WARN_OBJC_LITERAL_CONVERSION = YES;
				CLANG_WARN_OBJC_ROOT_CLASS = YES_ERROR;
				CLANG_WARN_QUOTED_INCLUDE_IN_FRAMEWORK_HEADER = YES;
				CLANG_WARN_RANGE_LOOP_ANALYSIS = YES;
				CLANG_WARN_STRICT_PROTOTYPES = YES;
				CLANG_WARN_SUSPICIOUS_MOVE = YES;
				CLANG_WARN_UNGUARDED_AVAILABILITY = YES_AGGRESSIVE;
				CLANG_WARN_UNREACHABLE_CODE = YES;
				CLANG_WARN__DUPLICATE_METHOD_MATCH = YES;
				COPY_PHASE_STRIP = NO;
				DEBUG_INFORMATION_FORMAT = "dwarf-with-dsym";
				ENABLE_NS_ASSERTIONS = NO;
				ENABLE_STRICT_OBJC_MSGSEND = YES;
				GCC_C_LANGUAGE_STANDARD = gnu11;
				GCC_NO_COMMON_BLOCKS = YES;
				GCC_WARN_64_TO_32_BIT_CONVERSION = YES;
				GCC_WARN_ABOUT_RETURN_TYPE = YES_ERROR;
				GCC_WARN_UNDECLARED_SELECTOR = YES;
				GCC_WARN_UNINITIALIZED_AUTOS = YES_AGGRESSIVE;
				GCC_WARN_UNUSED_FUNCTION = YES;
				GCC_WARN_UNUSED_VARIABLE = YES;
				IPHONEOS_DEPLOYMENT_TARGET = 14.4;
				MTL_ENABLE_DEBUG_INFO = NO;
				MTL_FAST_MATH = YES;
				SDKROOT = iphoneos;
				SWIFT_COMPILATION_MODE = wholemodule;
				SWIFT_OPTIMIZATION_LEVEL = "-O";
				VALIDATE_PRODUCT = YES;
			};
			name = Release;
		};
		7F03D84526A7EE680091C960 /* Debug */ = {
			isa = XCBuildConfiguration;
			buildSettings = {
				ASSETCATALOG_COMPILER_APPICON_NAME = AppIcon;
				ASSETCATALOG_COMPILER_GLOBAL_ACCENT_COLOR_NAME = AccentColor;
				CODE_SIGN_STYLE = Automatic;
				DEVELOPMENT_ASSET_PATHS = "\"PanelGame/Preview Content\"";
				DEVELOPMENT_TEAM = 4HG9ZCZ4F4;
				ENABLE_PREVIEWS = YES;
				INFOPLIST_FILE = PanelGame/Info.plist;
				IPHONEOS_DEPLOYMENT_TARGET = 14.0;
				LD_RUNPATH_SEARCH_PATHS = (
					"$(inherited)",
					"@executable_path/Frameworks",
				);
				PRODUCT_BUNDLE_IDENTIFIER = com.gmail.tab.hsts.PanelGame;
				PRODUCT_NAME = "$(TARGET_NAME)";
				SWIFT_VERSION = 5.0;
				TARGETED_DEVICE_FAMILY = "1,2";
			};
			name = Debug;
		};
		7F03D84626A7EE680091C960 /* Release */ = {
			isa = XCBuildConfiguration;
			buildSettings = {
				ASSETCATALOG_COMPILER_APPICON_NAME = AppIcon;
				ASSETCATALOG_COMPILER_GLOBAL_ACCENT_COLOR_NAME = AccentColor;
				CODE_SIGN_STYLE = Automatic;
				DEVELOPMENT_ASSET_PATHS = "\"PanelGame/Preview Content\"";
				DEVELOPMENT_TEAM = 4HG9ZCZ4F4;
				ENABLE_PREVIEWS = YES;
				INFOPLIST_FILE = PanelGame/Info.plist;
				IPHONEOS_DEPLOYMENT_TARGET = 14.0;
				LD_RUNPATH_SEARCH_PATHS = (
					"$(inherited)",
					"@executable_path/Frameworks",
				);
				PRODUCT_BUNDLE_IDENTIFIER = com.gmail.tab.hsts.PanelGame;
				PRODUCT_NAME = "$(TARGET_NAME)";
				SWIFT_VERSION = 5.0;
				TARGETED_DEVICE_FAMILY = "1,2";
			};
			name = Release;
		};
/* End XCBuildConfiguration section */

/* Begin XCConfigurationList section */
		7F03D83026A7EE640091C960 /* Build configuration list for PBXProject "PanelGame" */ = {
			isa = XCConfigurationList;
			buildConfigurations = (
				7F03D84226A7EE680091C960 /* Debug */,
				7F03D84326A7EE680091C960 /* Release */,
			);
			defaultConfigurationIsVisible = 0;
			defaultConfigurationName = Release;
		};
		7F03D84426A7EE680091C960 /* Build configuration list for PBXNativeTarget "PanelGame" */ = {
			isa = XCConfigurationList;
			buildConfigurations = (
				7F03D84526A7EE680091C960 /* Debug */,
				7F03D84626A7EE680091C960 /* Release */,
			);
			defaultConfigurationIsVisible = 0;
			defaultConfigurationName = Release;
		};
/* End XCConfigurationList section */
	};
	rootObject = 7F03D82D26A7EE640091C960 /* Project object */;
}
